<?xml version="1.0" encoding="utf-8"?>
<Project ToolsVersion="4.0" xmlns="http://schemas.microsoft.com/developer/msbuild/2003">
  <ItemGroup>
    <Filter Include="Source Files">
      <UniqueIdentifier>{4FC737F1-C7A5-4376-A066-2A32D752A2FF}</UniqueIdentifier>
      <Extensions>cpp;c;cc;cxx;def;odl;idl;hpj;bat;asm;asmx</Extensions>
    </Filter>
    <Filter Include="Header Files">
      <UniqueIdentifier>{93995380-89BD-4b04-88EB-625FBE52EBFB}</UniqueIdentifier>
      <Extensions>h;hh;hpp;hxx;hm;inl;inc;xsd</Extensions>
    </Filter>
    <Filter Include="Resource Files">
      <UniqueIdentifier>{67DA6AB6-F800-4c08-8B7A-83BB121AAD01}</UniqueIdentifier>
      <Extensions>rc;ico;cur;bmp;dlg;rc2;rct;bin;rgs;gif;jpg;jpeg;jpe;resx;tiff;tif;png;wav;mfcribbon-ms</Extensions>
    </Filter>
    <Filter Include="Header Files\Dysk">
      <UniqueIdentifier>{113dd2b1-005b-4d12-96eb-4245d9b801a0}</UniqueIdentifier>
    </Filter>
    <Filter Include="Source Files\Dysk">
      <UniqueIdentifier>{9ab99c8a-2390-4299-a6b4-cde4f779b3a0}</UniqueIdentifier>
    </Filter>
  </ItemGroup>
  <ItemGroup>
    <ClCompile Include="Main.cpp">
      <Filter>Source Files</Filter>
    </ClCompile>
    <ClCompile Include="ProcesorManager.cpp">
      <Filter>Source Files</Filter>
    </ClCompile>
    <ClCompile Include="ProcessManagement.cpp">
      <Filter>Source Files</Filter>
    </ClCompile>
    <ClCompile Include="Dysk\dysk.cpp">
      <Filter>Source Files\Dysk</Filter>
    </ClCompile>
    <ClCompile Include="Dysk\Filesystem.cpp">
      <Filter>Source Files\Dysk</Filter>
    </ClCompile>
    <ClCompile Include="Dysk\inode.cpp">
      <Filter>Source Files\Dysk</Filter>
    </ClCompile>
  </ItemGroup>
  <ItemGroup>
    <ClInclude Include="Dysk\dysk.h">
      <Filter>Header Files\Dysk</Filter>
    </ClInclude>
    <ClInclude Include="Dysk\Filesystem.h">
      <Filter>Header Files\Dysk</Filter>
    </ClInclude>
    <ClInclude Include="Dysk\inode.h">
      <Filter>Header Files\Dysk</Filter>
    </ClInclude>
  </ItemGroup>
</Project>